
Microsoft Visual Studio Solution File, Format Version 12.00
# Visual Studio Version 17
VisualStudioVersion = 17.9.34622.214
MinimumVisualStudioVersion = 10.0.40219.1
Project("{8BC9CEB8-8B4A-11D0-8D11-00A0C91BC942}") = "PUBG External", "PUBG Cheat\PUBG External.vcxproj", "{AC6E7789-B4C7-4A6F-8DC1-3E89A88DCB77}"
EndProject
Global
	GlobalSection(SolutionConfigurationPlatforms) = preSolution
		Debug|x64 = Debug|x64
		Debug|x86 = Debug|x86
		Release|x64 = Release|x64
		Release|x86 = Release|x86
	EndGlobalSection
	GlobalSection(ProjectConfigurationPlatforms) = postSolution
		{AC6E7789-B4C7-4A6F-8DC1-3E89A88DCB77}.Debug|x64.ActiveCfg = Debug|x64
		{AC6E7789-B4C7-4A6F-8DC1-3E89A88DCB77}.Debug|x64.Build.0 = Debug|x64
		{AC6E7789-B4C7-4A6F-8DC1-3E89A88DCB77}.Debug|x86.ActiveCfg = Debug|Win32
		{AC6E7789-B4C7-4A6F-8DC1-3E89A88DCB77}.Debug|x86.Build.0 = Debug|Win32
		{AC6E7789-B4C7-4A6F-8DC1-3E89A88DCB77}.Release|x64.ActiveCfg = Release|x64
		{AC6E7789-B4C7-4A6F-8DC1-3E89A88DCB77}.Release|x64.Build.0 = Release|x64
		{AC6E7789-B4C7-4A6F-8DC1-3E89A88DCB77}.Release|x86.ActiveCfg = Release|Win32
		{AC6E7789-B4C7-4A6F-8DC1-3E89A88DCB77}.Release|x86.Build.0 = Release|Win32
	EndGlobalSection
	GlobalSection(SolutionProperties) = preSolution
		HideSolutionNode = FALSE
	EndGlobalSection
	GlobalSection(ExtensibilityGlobals) = postSolution
		SolutionGuid = {C541B785-BF76-4862-9AA4-21905041873A}
	EndGlobalSection
EndGlobal
